
Microsoft Visual Studio Solution File, Format Version 12.00
Project("{FAE04EC0-301F-11D3-BF4B-00C04F79EFBC}") = "EfBugDemo", "EfBugDemo.csproj", "{F50EC179-2BB0-4D4F-AFCC-5C216C9C3F6D}"
EndProject
Global
	GlobalSection(SolutionConfigurationPlatforms) = preSolution
		Debug|Any CPU = Debug|Any CPU
		Release|Any CPU = Release|Any CPU
	EndGlobalSection
	GlobalSection(ProjectConfigurationPlatforms) = postSolution
		{F50EC179-2BB0-4D4F-AFCC-5C216C9C3F6D}.Debug|Any CPU.ActiveCfg = Debug|Any CPU
		{F50EC179-2BB0-4D4F-AFCC-5C216C9C3F6D}.Debug|Any CPU.Build.0 = Debug|Any CPU
		{F50EC179-2BB0-4D4F-AFCC-5C216C9C3F6D}.Release|Any CPU.ActiveCfg = Release|Any CPU
		{F50EC179-2BB0-4D4F-AFCC-5C216C9C3F6D}.Release|Any CPU.Build.0 = Release|Any CPU
	EndGlobalSection
EndGlobal
